
Microsoft Visual Studio Solution File, Format Version 12.00
# Visual Studio Version 16
VisualStudioVersion = 16.0.31321.278
MinimumVisualStudioVersion = 10.0.40219.1
Project("{2150E333-8FDC-42A3-9474-1A3956D46DE8}") = "src", "src", "{E6BC67B6-20B1-4363-A563-DE76232AC97C}"
EndProject
Project("{2150E333-8FDC-42A3-9474-1A3956D46DE8}") = "tests", "tests", "{A7FD9C21-D5BA-4D0D-BEDC-9AD570AAE0E7}"
EndProject
Project("{9A19103F-16F7-4668-BE54-9A1E7A4F7556}") = "Calculator", "src\Calculator\Calculator.csproj", "{EFBA5421-EED1-4FCD-B686-BF42F5C03098}"
EndProject
Project("{9A19103F-16F7-4668-BE54-9A1E7A4F7556}") = "Calculator.Test", "tests\Calculator.Test\Calculator.Test.csproj", "{FF1C394A-03C4-4F40-B2CC-91AC1CCA0048}"
EndProject
Global
	GlobalSection(SolutionConfigurationPlatforms) = preSolution
		Debug|Any CPU = Debug|Any CPU
		Release|Any CPU = Release|Any CPU
	EndGlobalSection
	GlobalSection(ProjectConfigurationPlatforms) = postSolution
		{EFBA5421-EED1-4FCD-B686-BF42F5C03098}.Debug|Any CPU.ActiveCfg = Debug|Any CPU
		{EFBA5421-EED1-4FCD-B686-BF42F5C03098}.Debug|Any CPU.Build.0 = Debug|Any CPU
		{EFBA5421-EED1-4FCD-B686-BF42F5C03098}.Release|Any CPU.ActiveCfg = Release|Any CPU
		{EFBA5421-EED1-4FCD-B686-BF42F5C03098}.Release|Any CPU.Build.0 = Release|Any CPU
		{FF1C394A-03C4-4F40-B2CC-91AC1CCA0048}.Debug|Any CPU.ActiveCfg = Debug|Any CPU
		{FF1C394A-03C4-4F40-B2CC-91AC1CCA0048}.Debug|Any CPU.Build.0 = Debug|Any CPU
		{FF1C394A-03C4-4F40-B2CC-91AC1CCA0048}.Release|Any CPU.ActiveCfg = Release|Any CPU
		{FF1C394A-03C4-4F40-B2CC-91AC1CCA0048}.Release|Any CPU.Build.0 = Release|Any CPU
	EndGlobalSection
	GlobalSection(SolutionProperties) = preSolution
		HideSolutionNode = FALSE
	EndGlobalSection
	GlobalSection(NestedProjects) = preSolution
		{EFBA5421-EED1-4FCD-B686-BF42F5C03098} = {E6BC67B6-20B1-4363-A563-DE76232AC97C}
		{FF1C394A-03C4-4F40-B2CC-91AC1CCA0048} = {A7FD9C21-D5BA-4D0D-BEDC-9AD570AAE0E7}
	EndGlobalSection
	GlobalSection(ExtensibilityGlobals) = postSolution
		SolutionGuid = {30BC4AA0-985E-49F9-84F1-95BF5BD6AC02}
	EndGlobalSection
EndGlobal
